%{
  "prometheus": {:hex, :prometheus, "4.4.1", "1e96073b3ed7788053768fea779cbc896ddc3bdd9ba60687f2ad50b252ac87d6", [:mix, :rebar3], [], "hexpm"},
  "prometheus_ex": {:hex, :prometheus_ex, "3.0.5", "fa58cfd983487fc5ead331e9a3e0aa622c67232b3ec71710ced122c4c453a02f", [:mix], [{:prometheus, "~> 4.0", [hex: :prometheus, repo: "hexpm", optional: false]}], "hexpm"},
}
